
Microsoft Visual Studio Solution File, Format Version 12.00
# Visual Studio 2013
VisualStudioVersion = 12.0.21005.1
MinimumVisualStudioVersion = 10.0.40219.1
Project("{FAE04EC0-301F-11D3-BF4B-00C04F79EFBC}") = "LibraryManagerPro", "LibraryManagerPro\LibraryManagerPro.csproj", "{B4F0E65C-1C3A-4484-91D2-40631F60B36C}"
EndProject
Project("{FAE04EC0-301F-11D3-BF4B-00C04F79EFBC}") = "BLL", "BLL\BLL.csproj", "{C02ADD75-E79D-4FC1-B4D0-65720AF7F5FA}"
EndProject
Project("{FAE04EC0-301F-11D3-BF4B-00C04F79EFBC}") = "DAL", "DAL\DAL.csproj", "{BA46E93D-7DD6-4EF4-A419-AD1D928A38F6}"
EndProject
Project("{FAE04EC0-301F-11D3-BF4B-00C04F79EFBC}") = "Models", "Models\Models.csproj", "{99AE2DD7-DFC5-4213-A3AF-D78E24BA68FC}"
EndProject
Project("{FAE04EC0-301F-11D3-BF4B-00C04F79EFBC}") = "Common", "Common\Common.csproj", "{EE383602-FF22-43A3-A833-2CEAB4B0AAD0}"
EndProject
Project("{FAE04EC0-301F-11D3-BF4B-00C04F79EFBC}") = "DBUtility", "DBUtility\DBUtility.csproj", "{3F94A8F9-5590-4731-B2F7-BBBAA10C36A7}"
EndProject
Global
	GlobalSection(SolutionConfigurationPlatforms) = preSolution
		Debug|Any CPU = Debug|Any CPU
		Release|Any CPU = Release|Any CPU
	EndGlobalSection
	GlobalSection(ProjectConfigurationPlatforms) = postSolution
		{B4F0E65C-1C3A-4484-91D2-40631F60B36C}.Debug|Any CPU.ActiveCfg = Debug|Any CPU
		{B4F0E65C-1C3A-4484-91D2-40631F60B36C}.Debug|Any CPU.Build.0 = Debug|Any CPU
		{B4F0E65C-1C3A-4484-91D2-40631F60B36C}.Release|Any CPU.ActiveCfg = Release|Any CPU
		{B4F0E65C-1C3A-4484-91D2-40631F60B36C}.Release|Any CPU.Build.0 = Release|Any CPU
		{C02ADD75-E79D-4FC1-B4D0-65720AF7F5FA}.Debug|Any CPU.ActiveCfg = Debug|Any CPU
		{C02ADD75-E79D-4FC1-B4D0-65720AF7F5FA}.Debug|Any CPU.Build.0 = Debug|Any CPU
		{C02ADD75-E79D-4FC1-B4D0-65720AF7F5FA}.Release|Any CPU.ActiveCfg = Release|Any CPU
		{C02ADD75-E79D-4FC1-B4D0-65720AF7F5FA}.Release|Any CPU.Build.0 = Release|Any CPU
		{BA46E93D-7DD6-4EF4-A419-AD1D928A38F6}.Debug|Any CPU.ActiveCfg = Debug|Any CPU
		{BA46E93D-7DD6-4EF4-A419-AD1D928A38F6}.Debug|Any CPU.Build.0 = Debug|Any CPU
		{BA46E93D-7DD6-4EF4-A419-AD1D928A38F6}.Release|Any CPU.ActiveCfg = Release|Any CPU
		{BA46E93D-7DD6-4EF4-A419-AD1D928A38F6}.Release|Any CPU.Build.0 = Release|Any CPU
		{99AE2DD7-DFC5-4213-A3AF-D78E24BA68FC}.Debug|Any CPU.ActiveCfg = Debug|Any CPU
		{99AE2DD7-DFC5-4213-A3AF-D78E24BA68FC}.Debug|Any CPU.Build.0 = Debug|Any CPU
		{99AE2DD7-DFC5-4213-A3AF-D78E24BA68FC}.Release|Any CPU.ActiveCfg = Release|Any CPU
		{99AE2DD7-DFC5-4213-A3AF-D78E24BA68FC}.Release|Any CPU.Build.0 = Release|Any CPU
		{EE383602-FF22-43A3-A833-2CEAB4B0AAD0}.Debug|Any CPU.ActiveCfg = Debug|Any CPU
		{EE383602-FF22-43A3-A833-2CEAB4B0AAD0}.Debug|Any CPU.Build.0 = Debug|Any CPU
		{EE383602-FF22-43A3-A833-2CEAB4B0AAD0}.Release|Any CPU.ActiveCfg = Release|Any CPU
		{EE383602-FF22-43A3-A833-2CEAB4B0AAD0}.Release|Any CPU.Build.0 = Release|Any CPU
		{3F94A8F9-5590-4731-B2F7-BBBAA10C36A7}.Debug|Any CPU.ActiveCfg = Debug|Any CPU
		{3F94A8F9-5590-4731-B2F7-BBBAA10C36A7}.Debug|Any CPU.Build.0 = Debug|Any CPU
		{3F94A8F9-5590-4731-B2F7-BBBAA10C36A7}.Release|Any CPU.ActiveCfg = Release|Any CPU
		{3F94A8F9-5590-4731-B2F7-BBBAA10C36A7}.Release|Any CPU.Build.0 = Release|Any CPU
	EndGlobalSection
	GlobalSection(SolutionProperties) = preSolution
		HideSolutionNode = FALSE
	EndGlobalSection
EndGlobal
